// !$*UTF8*$!
{
	archiveVersion = 1;
	classes = {
	};
	objectVersion = 50;
	objects = {

/* Begin PBXBuildFile section */
		40A12E8752F781D8990F0D9B /* Pods_barterAppTests.framework in Frameworks */ = {isa = PBXBuildFile; fileRef = 201EB24DE270DF9CAFC78EBD /* Pods_barterAppTests.framework */; };
		9811BCBD225D9A07005EF041 /* ItemInfoViewController.swift in Sources */ = {isa = PBXBuildFile; fileRef = 9811BCBC225D9A07005EF041 /* ItemInfoViewController.swift */; };
		9811BCC0225DB58C005EF041 /* BASellingUser.swift in Sources */ = {isa = PBXBuildFile; fileRef = 9811BCBF225DB58C005EF041 /* BASellingUser.swift */; };
		9811BCC1225DBEF2005EF041 /* SF-Pro-Display-Black.otf in Resources */ = {isa = PBXBuildFile; fileRef = 98E879B92225F6E20015F62D /* SF-Pro-Display-Black.otf */; };
		9811BCC2225DBEFE005EF041 /* SF-Pro-Text-Regular.otf in Resources */ = {isa = PBXBuildFile; fileRef = 98E879C72225F6E30015F62D /* SF-Pro-Text-Regular.otf */; };
		9811BCC3225DBF10005EF041 /* SF-Pro-Text-Heavy.otf in Resources */ = {isa = PBXBuildFile; fileRef = 98E879BF2225F6E20015F62D /* SF-Pro-Text-Heavy.otf */; };
		9811BCC4225DBF18005EF041 /* SF-Pro-Text-Bold.otf in Resources */ = {isa = PBXBuildFile; fileRef = 98E879C12225F6E30015F62D /* SF-Pro-Text-Bold.otf */; };
		9811BCC5225DBF22005EF041 /* SF-Pro-Text-Light.otf in Resources */ = {isa = PBXBuildFile; fileRef = 98E879BA2225F6E20015F62D /* SF-Pro-Text-Light.otf */; };
		9811BCC6225DBF25005EF041 /* SF-Pro-Text-Medium.otf in Resources */ = {isa = PBXBuildFile; fileRef = 98E879AE2225F6E10015F62D /* SF-Pro-Text-Medium.otf */; };
		98351CCC22230400007EC636 /* AppDelegate.swift in Sources */ = {isa = PBXBuildFile; fileRef = 98351CCB22230400007EC636 /* AppDelegate.swift */; };
		98351CD122230400007EC636 /* Main.storyboard in Resources */ = {isa = PBXBuildFile; fileRef = 98351CCF22230400007EC636 /* Main.storyboard */; };
		98351CD422230400007EC636 /* barterApp.xcdatamodeld in Sources */ = {isa = PBXBuildFile; fileRef = 98351CD222230400007EC636 /* barterApp.xcdatamodeld */; };
		98351CD622230401007EC636 /* Assets.xcassets in Resources */ = {isa = PBXBuildFile; fileRef = 98351CD522230401007EC636 /* Assets.xcassets */; };
		98351CD922230401007EC636 /* LaunchScreen.storyboard in Resources */ = {isa = PBXBuildFile; fileRef = 98351CD722230401007EC636 /* LaunchScreen.storyboard */; };
		98351CE422230401007EC636 /* barterAppTests.swift in Sources */ = {isa = PBXBuildFile; fileRef = 98351CE322230401007EC636 /* barterAppTests.swift */; };
		98351CEF22230401007EC636 /* barterAppUITests.swift in Sources */ = {isa = PBXBuildFile; fileRef = 98351CEE22230401007EC636 /* barterAppUITests.swift */; };
		9836687B225B9CB6003CBD24 /* CustomOverlay.swift in Sources */ = {isa = PBXBuildFile; fileRef = 98366877225B9CB4003CBD24 /* CustomOverlay.swift */; };
		9836687C225B9CB6003CBD24 /* CustomPage.swift in Sources */ = {isa = PBXBuildFile; fileRef = 98366878225B9CB5003CBD24 /* CustomPage.swift */; };
		9836687D225B9CB6003CBD24 /* MenuViewController.swift in Sources */ = {isa = PBXBuildFile; fileRef = 98366879225B9CB6003CBD24 /* MenuViewController.swift */; };
		9836687E225B9CB6003CBD24 /* InitialViewController.swift in Sources */ = {isa = PBXBuildFile; fileRef = 9836687A225B9CB6003CBD24 /* InitialViewController.swift */; };
		98366881225B9D29003CBD24 /* CustomPage.xib in Resources */ = {isa = PBXBuildFile; fileRef = 98366880225B9D29003CBD24 /* CustomPage.xib */; };
		98366883225B9F47003CBD24 /* BACurrentUser.swift in Sources */ = {isa = PBXBuildFile; fileRef = 98366882225B9F47003CBD24 /* BACurrentUser.swift */; };
		98366885225BA664003CBD24 /* CustomOverlay.xib in Resources */ = {isa = PBXBuildFile; fileRef = 98366884225BA664003CBD24 /* CustomOverlay.xib */; };
		98366887225BB05B003CBD24 /* TheInterfaceManager.swift in Sources */ = {isa = PBXBuildFile; fileRef = 98366886225BB05B003CBD24 /* TheInterfaceManager.swift */; };
		9836688A225BBFED003CBD24 /* ListingsViewController.swift in Sources */ = {isa = PBXBuildFile; fileRef = 98366889225BBFED003CBD24 /* ListingsViewController.swift */; };
		985820452226E9D400E03C17 /* GridLayout.swift in Sources */ = {isa = PBXBuildFile; fileRef = 985820442226E9D400E03C17 /* GridLayout.swift */; };
		985820472226EA1D00E03C17 /* ContentDynamicLayout.swift in Sources */ = {isa = PBXBuildFile; fileRef = 985820462226EA1D00E03C17 /* ContentDynamicLayout.swift */; };
		9858204B2226EF0E00E03C17 /* CellSizeProvider.swift in Sources */ = {isa = PBXBuildFile; fileRef = 9858204A2226EF0E00E03C17 /* CellSizeProvider.swift */; };
		9858204D2226EF9700E03C17 /* Font.swift in Sources */ = {isa = PBXBuildFile; fileRef = 9858204C2226EF9700E03C17 /* Font.swift */; };
		9858204F22273A2E00E03C17 /* Color.swift in Sources */ = {isa = PBXBuildFile; fileRef = 9858204E22273A2E00E03C17 /* Color.swift */; };
		9858205122274B9D00E03C17 /* TabViewController.swift in Sources */ = {isa = PBXBuildFile; fileRef = 9858205022274B9D00E03C17 /* TabViewController.swift */; };
		98582053222E241700E03C17 /* HomeFeedTest.swift in Sources */ = {isa = PBXBuildFile; fileRef = 98582052222E241700E03C17 /* HomeFeedTest.swift */; };
		98582057222EE27900E03C17 /* DataService.swift in Sources */ = {isa = PBXBuildFile; fileRef = 98582056222EE27900E03C17 /* DataService.swift */; };
		98694FCB222305F8008AC17B /* GoogleService-Info.plist in Resources */ = {isa = PBXBuildFile; fileRef = 98694FCA222305F8008AC17B /* GoogleService-Info.plist */; };
		986E06202226645300CE7EB4 /* FeedCollectionViewCell.swift in Sources */ = {isa = PBXBuildFile; fileRef = 986E061F2226645300CE7EB4 /* FeedCollectionViewCell.swift */; };
		98E879D22225FA400015F62D /* Tab.storyboard in Resources */ = {isa = PBXBuildFile; fileRef = 98E879D12225FA400015F62D /* Tab.storyboard */; };
		98E879D52226027B0015F62D /* appColors.swift in Sources */ = {isa = PBXBuildFile; fileRef = 98E879D42226027B0015F62D /* appColors.swift */; };
		98E879D7222603090015F62D /* Default-568h@2x.png in Resources */ = {isa = PBXBuildFile; fileRef = 98E879D6222603080015F62D /* Default-568h@2x.png */; };
		98E879D922260BEC0015F62D /* Feed.storyboard in Resources */ = {isa = PBXBuildFile; fileRef = 98E879D822260BEC0015F62D /* Feed.storyboard */; };
		98E879DD22260E700015F62D /* FeedViewController.swift in Sources */ = {isa = PBXBuildFile; fileRef = 98E879DC22260E700015F62D /* FeedViewController.swift */; };
		98E879DF222623090015F62D /* setUp.swift in Sources */ = {isa = PBXBuildFile; fileRef = 98E879DE222623080015F62D /* setUp.swift */; };
		98EA823C222EEA0900F0AFC9 /* CreatePost.storyboard in Resources */ = {isa = PBXBuildFile; fileRef = 98EA823B222EEA0900F0AFC9 /* CreatePost.storyboard */; };
		98EA823E222EEC1C00F0AFC9 /* Listings.storyboard in Resources */ = {isa = PBXBuildFile; fileRef = 98EA823D222EEC1C00F0AFC9 /* Listings.storyboard */; };
		98EA8241222EED1800F0AFC9 /* CreateViewController.swift in Sources */ = {isa = PBXBuildFile; fileRef = 98EA8240222EED1800F0AFC9 /* CreateViewController.swift */; };
		98EA82432230490A00F0AFC9 /* BABarterItem.swift in Sources */ = {isa = PBXBuildFile; fileRef = 98EA82422230490A00F0AFC9 /* BABarterItem.swift */; };
		DF718798D009A59E19ACEF75 /* Pods_barterApp.framework in Frameworks */ = {isa = PBXBuildFile; fileRef = E7C551CF3357B1AAB2E555C5 /* Pods_barterApp.framework */; };
		E9A4570422331D4C000D6744 /* TakePhotoController.swift in Sources */ = {isa = PBXBuildFile; fileRef = E9A4570322331D4C000D6744 /* TakePhotoController.swift */; };
		E9F522EE22809F3E001AFC01 /* ListingsCell.swift in Sources */ = {isa = PBXBuildFile; fileRef = E9F522ED22809F3E001AFC01 /* ListingsCell.swift */; };
		F48E1712624F6243C17D7415 /* Pods_barterAppUITests.framework in Frameworks */ = {isa = PBXBuildFile; fileRef = A5FD9221E211AE9564CBE8DE /* Pods_barterAppUITests.framework */; };
/* End PBXBuildFile section */

/* Begin PBXContainerItemProxy section */
		98351CE022230401007EC636 /* PBXContainerItemProxy */ = {
			isa = PBXContainerItemProxy;
			containerPortal = 98351CC022230400007EC636 /* Project object */;
			proxyType = 1;
			remoteGlobalIDString = 98351CC722230400007EC636;
			remoteInfo = barterApp;
		};
		98351CEB22230401007EC636 /* PBXContainerItemProxy */ = {
			isa = PBXContainerItemProxy;
			containerPortal = 98351CC022230400007EC636 /* Project object */;
			proxyType = 1;
			remoteGlobalIDString = 98351CC722230400007EC636;
			remoteInfo = barterApp;
		};
/* End PBXContainerItemProxy section */

/* Begin PBXFileReference section */
		1C6C0DAF64F2D94D87C7AE9C /* Pods-barterAppUITests.release.xcconfig */ = {isa = PBXFileReference; includeInIndex = 1; lastKnownFileType = text.xcconfig; name = "Pods-barterAppUITests.release.xcconfig"; path = "Pods/Target Support Files/Pods-barterAppUITests/Pods-barterAppUITests.release.xcconfig"; sourceTree = "<group>"; };
		201EB24DE270DF9CAFC78EBD /* Pods_barterAppTests.framework */ = {isa = PBXFileReference; explicitFileType = wrapper.framework; includeInIndex = 0; path = Pods_barterAppTests.framework; sourceTree = BUILT_PRODUCTS_DIR; };
		61CB81D1574D37924D861EB6 /* Pods-barterApp.release.xcconfig */ = {isa = PBXFileReference; includeInIndex = 1; lastKnownFileType = text.xcconfig; name = "Pods-barterApp.release.xcconfig"; path = "Pods/Target Support Files/Pods-barterApp/Pods-barterApp.release.xcconfig"; sourceTree = "<group>"; };
		75CF628420DCC6EF37086D70 /* Pods-barterApp.debug.xcconfig */ = {isa = PBXFileReference; includeInIndex = 1; lastKnownFileType = text.xcconfig; name = "Pods-barterApp.debug.xcconfig"; path = "Pods/Target Support Files/Pods-barterApp/Pods-barterApp.debug.xcconfig"; sourceTree = "<group>"; };
		7B884781614DAD20890DA042 /* Pods-barterAppTests.debug.xcconfig */ = {isa = PBXFileReference; includeInIndex = 1; lastKnownFileType = text.xcconfig; name = "Pods-barterAppTests.debug.xcconfig"; path = "Pods/Target Support Files/Pods-barterAppTests/Pods-barterAppTests.debug.xcconfig"; sourceTree = "<group>"; };
		9811BCBC225D9A07005EF041 /* ItemInfoViewController.swift */ = {isa = PBXFileReference; lastKnownFileType = sourcecode.swift; path = ItemInfoViewController.swift; sourceTree = "<group>"; };
		9811BCBF225DB58C005EF041 /* BASellingUser.swift */ = {isa = PBXFileReference; lastKnownFileType = sourcecode.swift; path = BASellingUser.swift; sourceTree = "<group>"; };
		98351CC822230400007EC636 /* barterApp.app */ = {isa = PBXFileReference; explicitFileType = wrapper.application; includeInIndex = 0; path = barterApp.app; sourceTree = BUILT_PRODUCTS_DIR; };
		98351CCB22230400007EC636 /* AppDelegate.swift */ = {isa = PBXFileReference; lastKnownFileType = sourcecode.swift; path = AppDelegate.swift; sourceTree = "<group>"; };
		98351CD022230400007EC636 /* Base */ = {isa = PBXFileReference; lastKnownFileType = file.storyboard; name = Base; path = Base.lproj/Main.storyboard; sourceTree = "<group>"; };
		98351CD322230400007EC636 /* barterApp.xcdatamodel */ = {isa = PBXFileReference; lastKnownFileType = wrapper.xcdatamodel; path = barterApp.xcdatamodel; sourceTree = "<group>"; };
		98351CD522230401007EC636 /* Assets.xcassets */ = {isa = PBXFileReference; lastKnownFileType = folder.assetcatalog; path = Assets.xcassets; sourceTree = "<group>"; };
		98351CD822230401007EC636 /* Base */ = {isa = PBXFileReference; lastKnownFileType = file.storyboard; name = Base; path = Base.lproj/LaunchScreen.storyboard; sourceTree = "<group>"; };
		98351CDA22230401007EC636 /* Info.plist */ = {isa = PBXFileReference; lastKnownFileType = text.plist.xml; path = Info.plist; sourceTree = "<group>"; };
		98351CDF22230401007EC636 /* barterAppTests.xctest */ = {isa = PBXFileReference; explicitFileType = wrapper.cfbundle; includeInIndex = 0; path = barterAppTests.xctest; sourceTree = BUILT_PRODUCTS_DIR; };
		98351CE322230401007EC636 /* barterAppTests.swift */ = {isa = PBXFileReference; lastKnownFileType = sourcecode.swift; path = barterAppTests.swift; sourceTree = "<group>"; };
		98351CE522230401007EC636 /* Info.plist */ = {isa = PBXFileReference; lastKnownFileType = text.plist.xml; path = Info.plist; sourceTree = "<group>"; };
		98351CEA22230401007EC636 /* barterAppUITests.xctest */ = {isa = PBXFileReference; explicitFileType = wrapper.cfbundle; includeInIndex = 0; path = barterAppUITests.xctest; sourceTree = BUILT_PRODUCTS_DIR; };
		98351CEE22230401007EC636 /* barterAppUITests.swift */ = {isa = PBXFileReference; lastKnownFileType = sourcecode.swift; path = barterAppUITests.swift; sourceTree = "<group>"; };
		98351CF022230401007EC636 /* Info.plist */ = {isa = PBXFileReference; lastKnownFileType = text.plist.xml; path = Info.plist; sourceTree = "<group>"; };
		98366877225B9CB4003CBD24 /* CustomOverlay.swift */ = {isa = PBXFileReference; fileEncoding = 4; lastKnownFileType = sourcecode.swift; path = CustomOverlay.swift; sourceTree = "<group>"; };
		98366878225B9CB5003CBD24 /* CustomPage.swift */ = {isa = PBXFileReference; fileEncoding = 4; lastKnownFileType = sourcecode.swift; path = CustomPage.swift; sourceTree = "<group>"; };
		98366879225B9CB6003CBD24 /* MenuViewController.swift */ = {isa = PBXFileReference; fileEncoding = 4; lastKnownFileType = sourcecode.swift; path = MenuViewController.swift; sourceTree = "<group>"; };
		9836687A225B9CB6003CBD24 /* InitialViewController.swift */ = {isa = PBXFileReference; fileEncoding = 4; lastKnownFileType = sourcecode.swift; path = InitialViewController.swift; sourceTree = "<group>"; };
		98366880225B9D29003CBD24 /* CustomPage.xib */ = {isa = PBXFileReference; fileEncoding = 4; lastKnownFileType = file.xib; path = CustomPage.xib; sourceTree = "<group>"; };
		98366882225B9F47003CBD24 /* BACurrentUser.swift */ = {isa = PBXFileReference; lastKnownFileType = sourcecode.swift; path = BACurrentUser.swift; sourceTree = "<group>"; };
		98366884225BA664003CBD24 /* CustomOverlay.xib */ = {isa = PBXFileReference; fileEncoding = 4; lastKnownFileType = file.xib; path = CustomOverlay.xib; sourceTree = "<group>"; };
		98366886225BB05B003CBD24 /* TheInterfaceManager.swift */ = {isa = PBXFileReference; lastKnownFileType = sourcecode.swift; path = TheInterfaceManager.swift; sourceTree = "<group>"; };
		98366889225BBFED003CBD24 /* ListingsViewController.swift */ = {isa = PBXFileReference; lastKnownFileType = sourcecode.swift; path = ListingsViewController.swift; sourceTree = "<group>"; };
		985820442226E9D400E03C17 /* GridLayout.swift */ = {isa = PBXFileReference; lastKnownFileType = sourcecode.swift; path = GridLayout.swift; sourceTree = "<group>"; };
		985820462226EA1D00E03C17 /* ContentDynamicLayout.swift */ = {isa = PBXFileReference; lastKnownFileType = sourcecode.swift; path = ContentDynamicLayout.swift; sourceTree = "<group>"; };
		9858204A2226EF0E00E03C17 /* CellSizeProvider.swift */ = {isa = PBXFileReference; lastKnownFileType = sourcecode.swift; path = CellSizeProvider.swift; sourceTree = "<group>"; };
		9858204C2226EF9700E03C17 /* Font.swift */ = {isa = PBXFileReference; lastKnownFileType = sourcecode.swift; path = Font.swift; sourceTree = "<group>"; };
		9858204E22273A2E00E03C17 /* Color.swift */ = {isa = PBXFileReference; lastKnownFileType = sourcecode.swift; path = Color.swift; sourceTree = "<group>"; };
		9858205022274B9D00E03C17 /* TabViewController.swift */ = {isa = PBXFileReference; lastKnownFileType = sourcecode.swift; path = TabViewController.swift; sourceTree = "<group>"; };
		98582052222E241700E03C17 /* HomeFeedTest.swift */ = {isa = PBXFileReference; lastKnownFileType = sourcecode.swift; path = HomeFeedTest.swift; sourceTree = "<group>"; };
		98582056222EE27900E03C17 /* DataService.swift */ = {isa = PBXFileReference; lastKnownFileType = sourcecode.swift; path = DataService.swift; sourceTree = "<group>"; };
		98694FCA222305F8008AC17B /* GoogleService-Info.plist */ = {isa = PBXFileReference; fileEncoding = 4; lastKnownFileType = text.plist.xml; path = "GoogleService-Info.plist"; sourceTree = "<group>"; };
		986E061F2226645300CE7EB4 /* FeedCollectionViewCell.swift */ = {isa = PBXFileReference; lastKnownFileType = sourcecode.swift; path = FeedCollectionViewCell.swift; sourceTree = "<group>"; };
		98E879AE2225F6E10015F62D /* SF-Pro-Text-Medium.otf */ = {isa = PBXFileReference; lastKnownFileType = file; path = "SF-Pro-Text-Medium.otf"; sourceTree = "<group>"; };
		98E879AF2225F6E10015F62D /* SF-Pro-Text-MediumItalic.otf */ = {isa = PBXFileReference; lastKnownFileType = file; path = "SF-Pro-Text-MediumItalic.otf"; sourceTree = "<group>"; };
		98E879B02225F6E10015F62D /* SF-Pro-Display-ThinItalic.otf */ = {isa = PBXFileReference; lastKnownFileType = file; path = "SF-Pro-Display-ThinItalic.otf"; sourceTree = "<group>"; };
		98E879B12225F6E10015F62D /* SF-Pro-Display-BlackItalic.otf */ = {isa = PBXFileReference; lastKnownFileType = file; path = "SF-Pro-Display-BlackItalic.otf"; sourceTree = "<group>"; };
		98E879B22225F6E20015F62D /* SF-Pro-Text-SemiboldItalic.otf */ = {isa = PBXFileReference; lastKnownFileType = file; path = "SF-Pro-Text-SemiboldItalic.otf"; sourceTree = "<group>"; };
		98E879B32225F6E20015F62D /* SF-Pro-Display-Heavy.otf */ = {isa = PBXFileReference; lastKnownFileType = file; path = "SF-Pro-Display-Heavy.otf"; sourceTree = "<group>"; };
		98E879B42225F6E20015F62D /* SF-Pro-Display-Semibold.otf */ = {isa = PBXFileReference; lastKnownFileType = file; path = "SF-Pro-Display-Semibold.otf"; sourceTree = "<group>"; };
		98E879B52225F6E20015F62D /* SF-Pro-Display-Medium.otf */ = {isa = PBXFileReference; lastKnownFileType = file; path = "SF-Pro-Display-Medium.otf"; sourceTree = "<group>"; };
		98E879B62225F6E20015F62D /* SF-Pro-Display-MediumItalic.otf */ = {isa = PBXFileReference; lastKnownFileType = file; path = "SF-Pro-Display-MediumItalic.otf"; sourceTree = "<group>"; };
		98E879B72225F6E20015F62D /* SF-Pro-Text-BoldItalic.otf */ = {isa = PBXFileReference; lastKnownFileType = file; path = "SF-Pro-Text-BoldItalic.otf"; sourceTree = "<group>"; };
		98E879B82225F6E20015F62D /* SF-Pro-Text-LightItalic.otf */ = {isa = PBXFileReference; lastKnownFileType = file; path = "SF-Pro-Text-LightItalic.otf"; sourceTree = "<group>"; };
		98E879B92225F6E20015F62D /* SF-Pro-Display-Black.otf */ = {isa = PBXFileReference; lastKnownFileType = file; path = "SF-Pro-Display-Black.otf"; sourceTree = "<group>"; };
		98E879BA2225F6E20015F62D /* SF-Pro-Text-Light.otf */ = {isa = PBXFileReference; lastKnownFileType = file; path = "SF-Pro-Text-Light.otf"; sourceTree = "<group>"; };
		98E879BB2225F6E20015F62D /* SF-Pro-Display-LightItalic.otf */ = {isa = PBXFileReference; lastKnownFileType = file; path = "SF-Pro-Display-LightItalic.otf"; sourceTree = "<group>"; };
		98E879BC2225F6E20015F62D /* SF-Pro-Display-BoldItalic.otf */ = {isa = PBXFileReference; lastKnownFileType = file; path = "SF-Pro-Display-BoldItalic.otf"; sourceTree = "<group>"; };
		98E879BD2225F6E20015F62D /* SF-Pro-Display-SemiboldItalic.otf */ = {isa = PBXFileReference; lastKnownFileType = file; path = "SF-Pro-Display-SemiboldItalic.otf"; sourceTree = "<group>"; };
		98E879BE2225F6E20015F62D /* SF-Pro-Display-HeavyItalic.otf */ = {isa = PBXFileReference; lastKnownFileType = file; path = "SF-Pro-Display-HeavyItalic.otf"; sourceTree = "<group>"; };
		98E879BF2225F6E20015F62D /* SF-Pro-Text-Heavy.otf */ = {isa = PBXFileReference; lastKnownFileType = file; path = "SF-Pro-Text-Heavy.otf"; sourceTree = "<group>"; };
		98E879C02225F6E30015F62D /* SF-Pro-Text-HeavyItalic.otf */ = {isa = PBXFileReference; lastKnownFileType = file; path = "SF-Pro-Text-HeavyItalic.otf"; sourceTree = "<group>"; };
		98E879C12225F6E30015F62D /* SF-Pro-Text-Bold.otf */ = {isa = PBXFileReference; lastKnownFileType = file; path = "SF-Pro-Text-Bold.otf"; sourceTree = "<group>"; };
		98E879C22225F6E30015F62D /* SF-Pro-Display-Thin.otf */ = {isa = PBXFileReference; lastKnownFileType = file; path = "SF-Pro-Display-Thin.otf"; sourceTree = "<group>"; };
		98E879C32225F6E30015F62D /* SF-Pro-Display-UltralightItalic.otf */ = {isa = PBXFileReference; lastKnownFileType = file; path = "SF-Pro-Display-UltralightItalic.otf"; sourceTree = "<group>"; };
		98E879C42225F6E30015F62D /* SF-Pro-Display-Ultralight.otf */ = {isa = PBXFileReference; lastKnownFileType = file; path = "SF-Pro-Display-Ultralight.otf"; sourceTree = "<group>"; };
		98E879C52225F6E30015F62D /* SF-Pro-Display-Light.otf */ = {isa = PBXFileReference; lastKnownFileType = file; path = "SF-Pro-Display-Light.otf"; sourceTree = "<group>"; };
		98E879C62225F6E30015F62D /* SF-Pro-Display-RegularItalic.otf */ = {isa = PBXFileReference; lastKnownFileType = file; path = "SF-Pro-Display-RegularItalic.otf"; sourceTree = "<group>"; };
		98E879C72225F6E30015F62D /* SF-Pro-Text-Regular.otf */ = {isa = PBXFileReference; lastKnownFileType = file; path = "SF-Pro-Text-Regular.otf"; sourceTree = "<group>"; };
		98E879C82225F6E30015F62D /* SF-Pro-Text-Semibold.otf */ = {isa = PBXFileReference; lastKnownFileType = file; path = "SF-Pro-Text-Semibold.otf"; sourceTree = "<group>"; };
		98E879C92225F6E30015F62D /* SF-Pro-Display-Regular.otf */ = {isa = PBXFileReference; lastKnownFileType = file; path = "SF-Pro-Display-Regular.otf"; sourceTree = "<group>"; };
		98E879CA2225F6E30015F62D /* SF-Pro-Display-Bold.otf */ = {isa = PBXFileReference; lastKnownFileType = file; path = "SF-Pro-Display-Bold.otf"; sourceTree = "<group>"; };
		98E879CB2225F6E40015F62D /* SF-Pro-Text-RegularItalic.otf */ = {isa = PBXFileReference; lastKnownFileType = file; path = "SF-Pro-Text-RegularItalic.otf"; sourceTree = "<group>"; };
		98E879D12225FA400015F62D /* Tab.storyboard */ = {isa = PBXFileReference; lastKnownFileType = file.storyboard; path = Tab.storyboard; sourceTree = "<group>"; };
		98E879D42226027B0015F62D /* appColors.swift */ = {isa = PBXFileReference; lastKnownFileType = sourcecode.swift; path = appColors.swift; sourceTree = "<group>"; };
		98E879D6222603080015F62D /* Default-568h@2x.png */ = {isa = PBXFileReference; lastKnownFileType = image.png; path = "Default-568h@2x.png"; sourceTree = "<group>"; };
		98E879D822260BEC0015F62D /* Feed.storyboard */ = {isa = PBXFileReference; lastKnownFileType = file.storyboard; path = Feed.storyboard; sourceTree = "<group>"; };
		98E879DC22260E700015F62D /* FeedViewController.swift */ = {isa = PBXFileReference; lastKnownFileType = sourcecode.swift; path = FeedViewController.swift; sourceTree = "<group>"; };
		98E879DE222623080015F62D /* setUp.swift */ = {isa = PBXFileReference; lastKnownFileType = sourcecode.swift; path = setUp.swift; sourceTree = "<group>"; };
		98EA823B222EEA0900F0AFC9 /* CreatePost.storyboard */ = {isa = PBXFileReference; lastKnownFileType = file.storyboard; path = CreatePost.storyboard; sourceTree = "<group>"; };
		98EA823D222EEC1C00F0AFC9 /* Listings.storyboard */ = {isa = PBXFileReference; lastKnownFileType = file.storyboard; path = Listings.storyboard; sourceTree = "<group>"; };
		98EA8240222EED1800F0AFC9 /* CreateViewController.swift */ = {isa = PBXFileReference; lastKnownFileType = sourcecode.swift; path = CreateViewController.swift; sourceTree = "<group>"; };
		98EA82422230490A00F0AFC9 /* BABarterItem.swift */ = {isa = PBXFileReference; lastKnownFileType = sourcecode.swift; path = BABarterItem.swift; sourceTree = "<group>"; };
		A5FD9221E211AE9564CBE8DE /* Pods_barterAppUITests.framework */ = {isa = PBXFileReference; explicitFileType = wrapper.framework; includeInIndex = 0; path = Pods_barterAppUITests.framework; sourceTree = BUILT_PRODUCTS_DIR; };
		B7003D5486C680322740605B /* Pods-barterAppTests.release.xcconfig */ = {isa = PBXFileReference; includeInIndex = 1; lastKnownFileType = text.xcconfig; name = "Pods-barterAppTests.release.xcconfig"; path = "Pods/Target Support Files/Pods-barterAppTests/Pods-barterAppTests.release.xcconfig"; sourceTree = "<group>"; };
		E7C551CF3357B1AAB2E555C5 /* Pods_barterApp.framework */ = {isa = PBXFileReference; explicitFileType = wrapper.framework; includeInIndex = 0; path = Pods_barterApp.framework; sourceTree = BUILT_PRODUCTS_DIR; };
		E9A4570322331D4C000D6744 /* TakePhotoController.swift */ = {isa = PBXFileReference; lastKnownFileType = sourcecode.swift; path = TakePhotoController.swift; sourceTree = "<group>"; };
		E9F522ED22809F3E001AFC01 /* ListingsCell.swift */ = {isa = PBXFileReference; lastKnownFileType = sourcecode.swift; path = ListingsCell.swift; sourceTree = "<group>"; };
		FEFFDE00223A46AA057BE3AE /* Pods-barterAppUITests.debug.xcconfig */ = {isa = PBXFileReference; includeInIndex = 1; lastKnownFileType = text.xcconfig; name = "Pods-barterAppUITests.debug.xcconfig"; path = "Pods/Target Support Files/Pods-barterAppUITests/Pods-barterAppUITests.debug.xcconfig"; sourceTree = "<group>"; };
/* End PBXFileReference section */

/* Begin PBXFrameworksBuildPhase section */
		98351CC522230400007EC636 /* Frameworks */ = {
			isa = PBXFrameworksBuildPhase;
			buildActionMask = 2147483647;
			files = (
				DF718798D009A59E19ACEF75 /* Pods_barterApp.framework in Frameworks */,
			);
			runOnlyForDeploymentPostprocessing = 0;
		};
		98351CDC22230401007EC636 /* Frameworks */ = {
			isa = PBXFrameworksBuildPhase;
			buildActionMask = 2147483647;
			files = (
				40A12E8752F781D8990F0D9B /* Pods_barterAppTests.framework in Frameworks */,
			);
			runOnlyForDeploymentPostprocessing = 0;
		};
		98351CE722230401007EC636 /* Frameworks */ = {
			isa = PBXFrameworksBuildPhase;
			buildActionMask = 2147483647;
			files = (
				F48E1712624F6243C17D7415 /* Pods_barterAppUITests.framework in Frameworks */,
			);
			runOnlyForDeploymentPostprocessing = 0;
		};
/* End PBXFrameworksBuildPhase section */

/* Begin PBXGroup section */
		6295C347DCFFB72BBCC11654 /* Pods */ = {
			isa = PBXGroup;
			children = (
				75CF628420DCC6EF37086D70 /* Pods-barterApp.debug.xcconfig */,
				61CB81D1574D37924D861EB6 /* Pods-barterApp.release.xcconfig */,
				7B884781614DAD20890DA042 /* Pods-barterAppTests.debug.xcconfig */,
				B7003D5486C680322740605B /* Pods-barterAppTests.release.xcconfig */,
				FEFFDE00223A46AA057BE3AE /* Pods-barterAppUITests.debug.xcconfig */,
				1C6C0DAF64F2D94D87C7AE9C /* Pods-barterAppUITests.release.xcconfig */,
			);
			name = Pods;
			sourceTree = "<group>";
		};
		9811BCBE225DA1BB005EF041 /* Feed */ = {
			isa = PBXGroup;
			children = (
				986E061F2226645300CE7EB4 /* FeedCollectionViewCell.swift */,
			);
			path = Feed;
			sourceTree = "<group>";
		};
		98351CBF22230400007EC636 = {
			isa = PBXGroup;
			children = (
				98E879D6222603080015F62D /* Default-568h@2x.png */,
				98351CCA22230400007EC636 /* barterApp */,
				98351CE222230401007EC636 /* barterAppTests */,
				98351CED22230401007EC636 /* barterAppUITests */,
				98351CC922230400007EC636 /* Products */,
				6295C347DCFFB72BBCC11654 /* Pods */,
				D1C3B48732B5DCBF20CDBC1A /* Frameworks */,
			);
			sourceTree = "<group>";
		};
		98351CC922230400007EC636 /* Products */ = {
			isa = PBXGroup;
			children = (
				98351CC822230400007EC636 /* barterApp.app */,
				98351CDF22230401007EC636 /* barterAppTests.xctest */,
				98351CEA22230401007EC636 /* barterAppUITests.xctest */,
			);
			name = Products;
			sourceTree = "<group>";
		};
		98351CCA22230400007EC636 /* barterApp */ = {
			isa = PBXGroup;
			children = (
				986E061822265D2900CE7EB4 /* Extensions */,
				98E879CD2225F9BA0015F62D /* Model */,
				98E879CF2225F9CA0015F62D /* Views */,
				98E879D02225F9DD0015F62D /* Controller */,
				98E879D32226023C0015F62D /* Resources */,
			);
			path = barterApp;
			sourceTree = "<group>";
		};
		98351CE222230401007EC636 /* barterAppTests */ = {
			isa = PBXGroup;
			children = (
				98351CE322230401007EC636 /* barterAppTests.swift */,
				98351CE522230401007EC636 /* Info.plist */,
			);
			path = barterAppTests;
			sourceTree = "<group>";
		};
		98351CED22230401007EC636 /* barterAppUITests */ = {
			isa = PBXGroup;
			children = (
				98351CEE22230401007EC636 /* barterAppUITests.swift */,
				98351CF022230401007EC636 /* Info.plist */,
				98582052222E241700E03C17 /* HomeFeedTest.swift */,
			);
			path = barterAppUITests;
			sourceTree = "<group>";
		};
		98366876225B9863003CBD24 /* Login */ = {
			isa = PBXGroup;
			children = (
				98366877225B9CB4003CBD24 /* CustomOverlay.swift */,
				98366878225B9CB5003CBD24 /* CustomPage.swift */,
				9836687A225B9CB6003CBD24 /* InitialViewController.swift */,
				98366879225B9CB6003CBD24 /* MenuViewController.swift */,
			);
			path = Login;
			sourceTree = "<group>";
		};
		9836687F225B9D1F003CBD24 /* Login */ = {
			isa = PBXGroup;
			children = (
				98366880225B9D29003CBD24 /* CustomPage.xib */,
				98366884225BA664003CBD24 /* CustomOverlay.xib */,
			);
			path = Login;
			sourceTree = "<group>";
		};
		98366888225BBFD1003CBD24 /* Listings */ = {
			isa = PBXGroup;
			children = (
				98366889225BBFED003CBD24 /* ListingsViewController.swift */,
				E9F522ED22809F3E001AFC01 /* ListingsCell.swift */,
			);
			path = Listings;
			sourceTree = "<group>";
		};
		985820432226E9A100E03C17 /* Layout */ = {
			isa = PBXGroup;
			children = (
				985820442226E9D400E03C17 /* GridLayout.swift */,
				985820462226EA1D00E03C17 /* ContentDynamicLayout.swift */,
			);
			path = Layout;
			sourceTree = "<group>";
		};
		986E061822265D2900CE7EB4 /* Extensions */ = {
			isa = PBXGroup;
			children = (
				9858204C2226EF9700E03C17 /* Font.swift */,
				9858204E22273A2E00E03C17 /* Color.swift */,
				98366886225BB05B003CBD24 /* TheInterfaceManager.swift */,
			);
			path = Extensions;
			sourceTree = "<group>";
		};
		986E06212226645A00CE7EB4 /* Feed */ = {
			isa = PBXGroup;
			children = (
				98E879DC22260E700015F62D /* FeedViewController.swift */,
				9811BCBC225D9A07005EF041 /* ItemInfoViewController.swift */,
			);
			path = Feed;
			sourceTree = "<group>";
		};
		98E879AD2225F6BE0015F62D /* fonts */ = {
			isa = PBXGroup;
			children = (
				98E879B92225F6E20015F62D /* SF-Pro-Display-Black.otf */,
				98E879B12225F6E10015F62D /* SF-Pro-Display-BlackItalic.otf */,
				98E879CA2225F6E30015F62D /* SF-Pro-Display-Bold.otf */,
				98E879BC2225F6E20015F62D /* SF-Pro-Display-BoldItalic.otf */,
				98E879B32225F6E20015F62D /* SF-Pro-Display-Heavy.otf */,
				98E879BE2225F6E20015F62D /* SF-Pro-Display-HeavyItalic.otf */,
				98E879C72225F6E30015F62D /* SF-Pro-Text-Regular.otf */,
				98E879C52225F6E30015F62D /* SF-Pro-Display-Light.otf */,
				98E879BB2225F6E20015F62D /* SF-Pro-Display-LightItalic.otf */,
				98E879B52225F6E20015F62D /* SF-Pro-Display-Medium.otf */,
				98E879B62225F6E20015F62D /* SF-Pro-Display-MediumItalic.otf */,
				98E879C92225F6E30015F62D /* SF-Pro-Display-Regular.otf */,
				98E879C62225F6E30015F62D /* SF-Pro-Display-RegularItalic.otf */,
				98E879B42225F6E20015F62D /* SF-Pro-Display-Semibold.otf */,
				98E879BD2225F6E20015F62D /* SF-Pro-Display-SemiboldItalic.otf */,
				98E879C22225F6E30015F62D /* SF-Pro-Display-Thin.otf */,
				98E879B02225F6E10015F62D /* SF-Pro-Display-ThinItalic.otf */,
				98E879C42225F6E30015F62D /* SF-Pro-Display-Ultralight.otf */,
				98E879C32225F6E30015F62D /* SF-Pro-Display-UltralightItalic.otf */,
				98E879C12225F6E30015F62D /* SF-Pro-Text-Bold.otf */,
				98E879B72225F6E20015F62D /* SF-Pro-Text-BoldItalic.otf */,
				98E879BF2225F6E20015F62D /* SF-Pro-Text-Heavy.otf */,
				98E879C02225F6E30015F62D /* SF-Pro-Text-HeavyItalic.otf */,
				98E879BA2225F6E20015F62D /* SF-Pro-Text-Light.otf */,
				98E879B82225F6E20015F62D /* SF-Pro-Text-LightItalic.otf */,
				98E879AE2225F6E10015F62D /* SF-Pro-Text-Medium.otf */,
				98E879AF2225F6E10015F62D /* SF-Pro-Text-MediumItalic.otf */,
				98E879CB2225F6E40015F62D /* SF-Pro-Text-RegularItalic.otf */,
				98E879C82225F6E30015F62D /* SF-Pro-Text-Semibold.otf */,
				98E879B22225F6E20015F62D /* SF-Pro-Text-SemiboldItalic.otf */,
			);
			path = fonts;
			sourceTree = "<group>";
		};
		98E879CD2225F9BA0015F62D /* Model */ = {
			isa = PBXGroup;
			children = (
				98E879DE222623080015F62D /* setUp.swift */,
				98582056222EE27900E03C17 /* DataService.swift */,
				98EA82422230490A00F0AFC9 /* BABarterItem.swift */,
				9811BCBF225DB58C005EF041 /* BASellingUser.swift */,
				98366882225B9F47003CBD24 /* BACurrentUser.swift */,
			);
			path = Model;
			sourceTree = "<group>";
		};
		98E879CF2225F9CA0015F62D /* Views */ = {
			isa = PBXGroup;
			children = (
				9811BCBE225DA1BB005EF041 /* Feed */,
				9836687F225B9D1F003CBD24 /* Login */,
				985820432226E9A100E03C17 /* Layout */,
				98351CCF22230400007EC636 /* Main.storyboard */,
				98351CD722230401007EC636 /* LaunchScreen.storyboard */,
				98E879D12225FA400015F62D /* Tab.storyboard */,
				98E879D822260BEC0015F62D /* Feed.storyboard */,
				9858204A2226EF0E00E03C17 /* CellSizeProvider.swift */,
				98EA823B222EEA0900F0AFC9 /* CreatePost.storyboard */,
				98EA823D222EEC1C00F0AFC9 /* Listings.storyboard */,
			);
			path = Views;
			sourceTree = "<group>";
		};
		98E879D02225F9DD0015F62D /* Controller */ = {
			isa = PBXGroup;
			children = (
				98EA823F222EECDD00F0AFC9 /* CreatePost */,
				98366888225BBFD1003CBD24 /* Listings */,
				98366876225B9863003CBD24 /* Login */,
				986E06212226645A00CE7EB4 /* Feed */,
				9858205022274B9D00E03C17 /* TabViewController.swift */,
			);
			path = Controller;
			sourceTree = "<group>";
		};
		98E879D32226023C0015F62D /* Resources */ = {
			isa = PBXGroup;
			children = (
				98E879AD2225F6BE0015F62D /* fonts */,
				98351CCB22230400007EC636 /* AppDelegate.swift */,
				98351CDA22230401007EC636 /* Info.plist */,
				98351CD522230401007EC636 /* Assets.xcassets */,
				98694FCA222305F8008AC17B /* GoogleService-Info.plist */,
				98351CD222230400007EC636 /* barterApp.xcdatamodeld */,
				98E879D42226027B0015F62D /* appColors.swift */,
			);
			path = Resources;
			sourceTree = "<group>";
		};
		98EA823F222EECDD00F0AFC9 /* CreatePost */ = {
			isa = PBXGroup;
			children = (
				E9A4570322331D4C000D6744 /* TakePhotoController.swift */,
				98EA8240222EED1800F0AFC9 /* CreateViewController.swift */,
			);
			path = CreatePost;
			sourceTree = "<group>";
		};
		D1C3B48732B5DCBF20CDBC1A /* Frameworks */ = {
			isa = PBXGroup;
			children = (
				E7C551CF3357B1AAB2E555C5 /* Pods_barterApp.framework */,
				201EB24DE270DF9CAFC78EBD /* Pods_barterAppTests.framework */,
				A5FD9221E211AE9564CBE8DE /* Pods_barterAppUITests.framework */,
			);
			name = Frameworks;
			sourceTree = "<group>";
		};
/* End PBXGroup section */

/* Begin PBXNativeTarget section */
		98351CC722230400007EC636 /* barterApp */ = {
			isa = PBXNativeTarget;
			buildConfigurationList = 98351CF322230401007EC636 /* Build configuration list for PBXNativeTarget "barterApp" */;
			buildPhases = (
				29B1DABC250A476AEFE06388 /* [CP] Check Pods Manifest.lock */,
				98351CC422230400007EC636 /* Sources */,
				98351CC522230400007EC636 /* Frameworks */,
				98351CC622230400007EC636 /* Resources */,
				33DCD9FD92203DA1A55AEBE3 /* [CP] Embed Pods Frameworks */,
				9C120F2B8F40C224597CF62E /* [CP] Copy Pods Resources */,
			);
			buildRules = (
			);
			dependencies = (
			);
			name = barterApp;
			productName = barterApp;
			productReference = 98351CC822230400007EC636 /* barterApp.app */;
			productType = "com.apple.product-type.application";
		};
		98351CDE22230401007EC636 /* barterAppTests */ = {
			isa = PBXNativeTarget;
			buildConfigurationList = 98351CF622230401007EC636 /* Build configuration list for PBXNativeTarget "barterAppTests" */;
			buildPhases = (
				1F233C642D9C50634EA82686 /* [CP] Check Pods Manifest.lock */,
				98351CDB22230401007EC636 /* Sources */,
				98351CDC22230401007EC636 /* Frameworks */,
				98351CDD22230401007EC636 /* Resources */,
			);
			buildRules = (
			);
			dependencies = (
				98351CE122230401007EC636 /* PBXTargetDependency */,
			);
			name = barterAppTests;
			productName = barterAppTests;
			productReference = 98351CDF22230401007EC636 /* barterAppTests.xctest */;
			productType = "com.apple.product-type.bundle.unit-test";
		};
		98351CE922230401007EC636 /* barterAppUITests */ = {
			isa = PBXNativeTarget;
			buildConfigurationList = 98351CF922230401007EC636 /* Build configuration list for PBXNativeTarget "barterAppUITests" */;
			buildPhases = (
				34B9FF20A214CC15E3F01B07 /* [CP] Check Pods Manifest.lock */,
				98351CE622230401007EC636 /* Sources */,
				98351CE722230401007EC636 /* Frameworks */,
				98351CE822230401007EC636 /* Resources */,
			);
			buildRules = (
			);
			dependencies = (
				98351CEC22230401007EC636 /* PBXTargetDependency */,
			);
			name = barterAppUITests;
			productName = barterAppUITests;
			productReference = 98351CEA22230401007EC636 /* barterAppUITests.xctest */;
			productType = "com.apple.product-type.bundle.ui-testing";
		};
/* End PBXNativeTarget section */

/* Begin PBXProject section */
		98351CC022230400007EC636 /* Project object */ = {
			isa = PBXProject;
			attributes = {
				LastSwiftUpdateCheck = 1010;
				LastUpgradeCheck = 1010;
				ORGANIZATIONNAME = "Kevin Maldjian";
				TargetAttributes = {
					98351CC722230400007EC636 = {
						CreatedOnToolsVersion = 10.1;
					};
					98351CDE22230401007EC636 = {
						CreatedOnToolsVersion = 10.1;
						TestTargetID = 98351CC722230400007EC636;
					};
					98351CE922230401007EC636 = {
						CreatedOnToolsVersion = 10.1;
						TestTargetID = 98351CC722230400007EC636;
					};
				};
			};
			buildConfigurationList = 98351CC322230400007EC636 /* Build configuration list for PBXProject "barterApp" */;
			compatibilityVersion = "Xcode 9.3";
			developmentRegion = en;
			hasScannedForEncodings = 0;
			knownRegions = (
				en,
				Base,
			);
			mainGroup = 98351CBF22230400007EC636;
			productRefGroup = 98351CC922230400007EC636 /* Products */;
			projectDirPath = "";
			projectRoot = "";
			targets = (
				98351CC722230400007EC636 /* barterApp */,
				98351CDE22230401007EC636 /* barterAppTests */,
				98351CE922230401007EC636 /* barterAppUITests */,
			);
		};
/* End PBXProject section */

/* Begin PBXResourcesBuildPhase section */
		98351CC622230400007EC636 /* Resources */ = {
			isa = PBXResourcesBuildPhase;
			buildActionMask = 2147483647;
			files = (
				98EA823E222EEC1C00F0AFC9 /* Listings.storyboard in Resources */,
				98E879D22225FA400015F62D /* Tab.storyboard in Resources */,
				98E879D922260BEC0015F62D /* Feed.storyboard in Resources */,
				9811BCC3225DBF10005EF041 /* SF-Pro-Text-Heavy.otf in Resources */,
				98351CD922230401007EC636 /* LaunchScreen.storyboard in Resources */,
				9811BCC6225DBF25005EF041 /* SF-Pro-Text-Medium.otf in Resources */,
				98366885225BA664003CBD24 /* CustomOverlay.xib in Resources */,
				98694FCB222305F8008AC17B /* GoogleService-Info.plist in Resources */,
				98351CD622230401007EC636 /* Assets.xcassets in Resources */,
				98351CD122230400007EC636 /* Main.storyboard in Resources */,
				98366881225B9D29003CBD24 /* CustomPage.xib in Resources */,
				9811BCC5225DBF22005EF041 /* SF-Pro-Text-Light.otf in Resources */,
				9811BCC2225DBEFE005EF041 /* SF-Pro-Text-Regular.otf in Resources */,
				9811BCC4225DBF18005EF041 /* SF-Pro-Text-Bold.otf in Resources */,
				98EA823C222EEA0900F0AFC9 /* CreatePost.storyboard in Resources */,
				98E879D7222603090015F62D /* Default-568h@2x.png in Resources */,
				9811BCC1225DBEF2005EF041 /* SF-Pro-Display-Black.otf in Resources */,
			);
			runOnlyForDeploymentPostprocessing = 0;
		};
		98351CDD22230401007EC636 /* Resources */ = {
			isa = PBXResourcesBuildPhase;
			buildActionMask = 2147483647;
			files = (
			);
			runOnlyForDeploymentPostprocessing = 0;
		};
		98351CE822230401007EC636 /* Resources */ = {
			isa = PBXResourcesBuildPhase;
			buildActionMask = 2147483647;
			files = (
			);
			runOnlyForDeploymentPostprocessing = 0;
		};
/* End PBXResourcesBuildPhase section */

/* Begin PBXShellScriptBuildPhase section */
		1F233C642D9C50634EA82686 /* [CP] Check Pods Manifest.lock */ = {
			isa = PBXShellScriptBuildPhase;
			buildActionMask = 2147483647;
			files = (
			);
			inputPaths = (
				"${PODS_PODFILE_DIR_PATH}/Podfile.lock",
				"${PODS_ROOT}/Manifest.lock",
			);
			name = "[CP] Check Pods Manifest.lock";
			outputPaths = (
				"$(DERIVED_FILE_DIR)/Pods-barterAppTests-checkManifestLockResult.txt",
			);
			runOnlyForDeploymentPostprocessing = 0;
			shellPath = /bin/sh;
			shellScript = "diff \"${PODS_PODFILE_DIR_PATH}/Podfile.lock\" \"${PODS_ROOT}/Manifest.lock\" > /dev/null\nif [ $? != 0 ] ; then\n    # print error to STDERR\n    echo \"error: The sandbox is not in sync with the Podfile.lock. Run 'pod install' or update your CocoaPods installation.\" >&2\n    exit 1\nfi\n# This output is used by Xcode 'outputs' to avoid re-running this script phase.\necho \"SUCCESS\" > \"${SCRIPT_OUTPUT_FILE_0}\"\n";
			showEnvVarsInLog = 0;
		};
		29B1DABC250A476AEFE06388 /* [CP] Check Pods Manifest.lock */ = {
			isa = PBXShellScriptBuildPhase;
			buildActionMask = 2147483647;
			files = (
			);
			inputPaths = (
				"${PODS_PODFILE_DIR_PATH}/Podfile.lock",
				"${PODS_ROOT}/Manifest.lock",
			);
			name = "[CP] Check Pods Manifest.lock";
			outputPaths = (
				"$(DERIVED_FILE_DIR)/Pods-barterApp-checkManifestLockResult.txt",
			);
			runOnlyForDeploymentPostprocessing = 0;
			shellPath = /bin/sh;
			shellScript = "diff \"${PODS_PODFILE_DIR_PATH}/Podfile.lock\" \"${PODS_ROOT}/Manifest.lock\" > /dev/null\nif [ $? != 0 ] ; then\n    # print error to STDERR\n    echo \"error: The sandbox is not in sync with the Podfile.lock. Run 'pod install' or update your CocoaPods installation.\" >&2\n    exit 1\nfi\n# This output is used by Xcode 'outputs' to avoid re-running this script phase.\necho \"SUCCESS\" > \"${SCRIPT_OUTPUT_FILE_0}\"\n";
			showEnvVarsInLog = 0;
		};
		33DCD9FD92203DA1A55AEBE3 /* [CP] Embed Pods Frameworks */ = {
			isa = PBXShellScriptBuildPhase;
			buildActionMask = 2147483647;
			files = (
			);
			inputPaths = (
				"${SRCROOT}/Pods/Target Support Files/Pods-barterApp/Pods-barterApp-frameworks.sh",
				"${BUILT_PRODUCTS_DIR}/Bolts/Bolts.framework",
				"${BUILT_PRODUCTS_DIR}/FBSDKCoreKit/FBSDKCoreKit.framework",
				"${BUILT_PRODUCTS_DIR}/FBSDKLoginKit/FBSDKLoginKit.framework",
				"${BUILT_PRODUCTS_DIR}/GTMSessionFetcher/GTMSessionFetcher.framework",
				"${BUILT_PRODUCTS_DIR}/GoogleToolboxForMac/GoogleToolboxForMac.framework",
				"${BUILT_PRODUCTS_DIR}/GoogleUtilities/GoogleUtilities.framework",
				"${BUILT_PRODUCTS_DIR}/Hero/Hero.framework",
				"${BUILT_PRODUCTS_DIR}/Kingfisher/Kingfisher.framework",
				"${BUILT_PRODUCTS_DIR}/SwiftyOnboard/SwiftyOnboard.framework",
				"${BUILT_PRODUCTS_DIR}/leveldb-library/leveldb.framework",
				"${BUILT_PRODUCTS_DIR}/nanopb/nanopb.framework",
			);
			name = "[CP] Embed Pods Frameworks";
			outputPaths = (
				"${TARGET_BUILD_DIR}/${FRAMEWORKS_FOLDER_PATH}/Bolts.framework",
				"${TARGET_BUILD_DIR}/${FRAMEWORKS_FOLDER_PATH}/FBSDKCoreKit.framework",
				"${TARGET_BUILD_DIR}/${FRAMEWORKS_FOLDER_PATH}/FBSDKLoginKit.framework",
				"${TARGET_BUILD_DIR}/${FRAMEWORKS_FOLDER_PATH}/GTMSessionFetcher.framework",
				"${TARGET_BUILD_DIR}/${FRAMEWORKS_FOLDER_PATH}/GoogleToolboxForMac.framework",
				"${TARGET_BUILD_DIR}/${FRAMEWORKS_FOLDER_PATH}/GoogleUtilities.framework",
				"${TARGET_BUILD_DIR}/${FRAMEWORKS_FOLDER_PATH}/Hero.framework",
				"${TARGET_BUILD_DIR}/${FRAMEWORKS_FOLDER_PATH}/Kingfisher.framework",
				"${TARGET_BUILD_DIR}/${FRAMEWORKS_FOLDER_PATH}/SwiftyOnboard.framework",
				"${TARGET_BUILD_DIR}/${FRAMEWORKS_FOLDER_PATH}/leveldb.framework",
				"${TARGET_BUILD_DIR}/${FRAMEWORKS_FOLDER_PATH}/nanopb.framework",
			);
			runOnlyForDeploymentPostprocessing = 0;
			shellPath = /bin/sh;
			shellScript = "\"${SRCROOT}/Pods/Target Support Files/Pods-barterApp/Pods-barterApp-frameworks.sh\"\n";
			showEnvVarsInLog = 0;
		};
		34B9FF20A214CC15E3F01B07 /* [CP] Check Pods Manifest.lock */ = {
			isa = PBXShellScriptBuildPhase;
			buildActionMask = 2147483647;
			files = (
			);
			inputPaths = (
				"${PODS_PODFILE_DIR_PATH}/Podfile.lock",
				"${PODS_ROOT}/Manifest.lock",
			);
			name = "[CP] Check Pods Manifest.lock";
			outputPaths = (
				"$(DERIVED_FILE_DIR)/Pods-barterAppUITests-checkManifestLockResult.txt",
			);
			runOnlyForDeploymentPostprocessing = 0;
			shellPath = /bin/sh;
			shellScript = "diff \"${PODS_PODFILE_DIR_PATH}/Podfile.lock\" \"${PODS_ROOT}/Manifest.lock\" > /dev/null\nif [ $? != 0 ] ; then\n    # print error to STDERR\n    echo \"error: The sandbox is not in sync with the Podfile.lock. Run 'pod install' or update your CocoaPods installation.\" >&2\n    exit 1\nfi\n# This output is used by Xcode 'outputs' to avoid re-running this script phase.\necho \"SUCCESS\" > \"${SCRIPT_OUTPUT_FILE_0}\"\n";
			showEnvVarsInLog = 0;
		};
		9C120F2B8F40C224597CF62E /* [CP] Copy Pods Resources */ = {
			isa = PBXShellScriptBuildPhase;
			buildActionMask = 2147483647;
			files = (
			);
			inputPaths = (
				"${SRCROOT}/Pods/Target Support Files/Pods-barterApp/Pods-barterApp-resources.sh",
				"${PODS_ROOT}/GoogleSignIn/Resources/GoogleSignIn.bundle",
			);
			name = "[CP] Copy Pods Resources";
			outputPaths = (
				"${TARGET_BUILD_DIR}/${UNLOCALIZED_RESOURCES_FOLDER_PATH}/GoogleSignIn.bundle",
			);
			runOnlyForDeploymentPostprocessing = 0;
			shellPath = /bin/sh;
			shellScript = "\"${SRCROOT}/Pods/Target Support Files/Pods-barterApp/Pods-barterApp-resources.sh\"\n";
			showEnvVarsInLog = 0;
		};
/* End PBXShellScriptBuildPhase section */

/* Begin PBXSourcesBuildPhase section */
		98351CC422230400007EC636 /* Sources */ = {
			isa = PBXSourcesBuildPhase;
			buildActionMask = 2147483647;
			files = (
				98582057222EE27900E03C17 /* DataService.swift in Sources */,
				9811BCBD225D9A07005EF041 /* ItemInfoViewController.swift in Sources */,
				98E879D52226027B0015F62D /* appColors.swift in Sources */,
				986E06202226645300CE7EB4 /* FeedCollectionViewCell.swift in Sources */,
				98E879DD22260E700015F62D /* FeedViewController.swift in Sources */,
				9836687B225B9CB6003CBD24 /* CustomOverlay.swift in Sources */,
				98EA8241222EED1800F0AFC9 /* CreateViewController.swift in Sources */,
				9858205122274B9D00E03C17 /* TabViewController.swift in Sources */,
				985820472226EA1D00E03C17 /* ContentDynamicLayout.swift in Sources */,
				9858204F22273A2E00E03C17 /* Color.swift in Sources */,
				98366887225BB05B003CBD24 /* TheInterfaceManager.swift in Sources */,
				9836687D225B9CB6003CBD24 /* MenuViewController.swift in Sources */,
				9836688A225BBFED003CBD24 /* ListingsViewController.swift in Sources */,
				98E879DF222623090015F62D /* setUp.swift in Sources */,
				985820452226E9D400E03C17 /* GridLayout.swift in Sources */,
				9836687E225B9CB6003CBD24 /* InitialViewController.swift in Sources */,
				98366883225B9F47003CBD24 /* BACurrentUser.swift in Sources */,
				9858204D2226EF9700E03C17 /* Font.swift in Sources */,
				9858204B2226EF0E00E03C17 /* CellSizeProvider.swift in Sources */,
				98351CD422230400007EC636 /* barterApp.xcdatamodeld in Sources */,
				9836687C225B9CB6003CBD24 /* CustomPage.swift in Sources */,
				9811BCC0225DB58C005EF041 /* BASellingUser.swift in Sources */,
				E9F522EE22809F3E001AFC01 /* ListingsCell.swift in Sources */,
				E9A4570422331D4C000D6744 /* TakePhotoController.swift in Sources */,
				98351CCC22230400007EC636 /* AppDelegate.swift in Sources */,
				98EA82432230490A00F0AFC9 /* BABarterItem.swift in Sources */,
			);
			runOnlyForDeploymentPostprocessing = 0;
		};
		98351CDB22230401007EC636 /* Sources */ = {
			isa = PBXSourcesBuildPhase;
			buildActionMask = 2147483647;
			files = (
				98351CE422230401007EC636 /* barterAppTests.swift in Sources */,
			);
			runOnlyForDeploymentPostprocessing = 0;
		};
		98351CE622230401007EC636 /* Sources */ = {
			isa = PBXSourcesBuildPhase;
			buildActionMask = 2147483647;
			files = (
				98582053222E241700E03C17 /* HomeFeedTest.swift in Sources */,
				98351CEF22230401007EC636 /* barterAppUITests.swift in Sources */,
			);
			runOnlyForDeploymentPostprocessing = 0;
		};
/* End PBXSourcesBuildPhase section */

/* Begin PBXTargetDependency section */
		98351CE122230401007EC636 /* PBXTargetDependency */ = {
			isa = PBXTargetDependency;
			target = 98351CC722230400007EC636 /* barterApp */;
			targetProxy = 98351CE022230401007EC636 /* PBXContainerItemProxy */;
		};
		98351CEC22230401007EC636 /* PBXTargetDependency */ = {
			isa = PBXTargetDependency;
			target = 98351CC722230400007EC636 /* barterApp */;
			targetProxy = 98351CEB22230401007EC636 /* PBXContainerItemProxy */;
		};
/* End PBXTargetDependency section */

/* Begin PBXVariantGroup section */
		98351CCF22230400007EC636 /* Main.storyboard */ = {
			isa = PBXVariantGroup;
			children = (
				98351CD022230400007EC636 /* Base */,
			);
			name = Main.storyboard;
			sourceTree = "<group>";
		};
		98351CD722230401007EC636 /* LaunchScreen.storyboard */ = {
			isa = PBXVariantGroup;
			children = (
				98351CD822230401007EC636 /* Base */,
			);
			name = LaunchScreen.storyboard;
			sourceTree = "<group>";
		};
/* End PBXVariantGroup section */

/* Begin XCBuildConfiguration section */
		98351CF122230401007EC636 /* Debug */ = {
			isa = XCBuildConfiguration;
			buildSettings = {
				ALWAYS_SEARCH_USER_PATHS = NO;
				CLANG_ANALYZER_NONNULL = YES;
				CLANG_ANALYZER_NUMBER_OBJECT_CONVERSION = YES_AGGRESSIVE;
				CLANG_CXX_LANGUAGE_STANDARD = "gnu++14";
				CLANG_CXX_LIBRARY = "libc++";
				CLANG_ENABLE_MODULES = YES;
				CLANG_ENABLE_OBJC_ARC = YES;
				CLANG_ENABLE_OBJC_WEAK = YES;
				CLANG_WARN_BLOCK_CAPTURE_AUTORELEASING = YES;
				CLANG_WARN_BOOL_CONVERSION = YES;
				CLANG_WARN_COMMA = YES;
				CLANG_WARN_CONSTANT_CONVERSION = YES;
				CLANG_WARN_DEPRECATED_OBJC_IMPLEMENTATIONS = YES;
				CLANG_WARN_DIRECT_OBJC_ISA_USAGE = YES_ERROR;
				CLANG_WARN_DOCUMENTATION_COMMENTS = YES;
				CLANG_WARN_EMPTY_BODY = YES;
				CLANG_WARN_ENUM_CONVERSION = YES;
				CLANG_WARN_INFINITE_RECURSION = YES;
				CLANG_WARN_INT_CONVERSION = YES;
				CLANG_WARN_NON_LITERAL_NULL_CONVERSION = YES;
				CLANG_WARN_OBJC_IMPLICIT_RETAIN_SELF = YES;
				CLANG_WARN_OBJC_LITERAL_CONVERSION = YES;
				CLANG_WARN_OBJC_ROOT_CLASS = YES_ERROR;
				CLANG_WARN_RANGE_LOOP_ANALYSIS = YES;
				CLANG_WARN_STRICT_PROTOTYPES = YES;
				CLANG_WARN_SUSPICIOUS_MOVE = YES;
				CLANG_WARN_UNGUARDED_AVAILABILITY = YES_AGGRESSIVE;
				CLANG_WARN_UNREACHABLE_CODE = YES;
				CLANG_WARN__DUPLICATE_METHOD_MATCH = YES;
				CODE_SIGN_IDENTITY = "iPhone Developer";
				COPY_PHASE_STRIP = NO;
				DEBUG_INFORMATION_FORMAT = dwarf;
				ENABLE_STRICT_OBJC_MSGSEND = YES;
				ENABLE_TESTABILITY = YES;
				GCC_C_LANGUAGE_STANDARD = gnu11;
				GCC_DYNAMIC_NO_PIC = NO;
				GCC_NO_COMMON_BLOCKS = YES;
				GCC_OPTIMIZATION_LEVEL = 0;
				GCC_PREPROCESSOR_DEFINITIONS = (
					"DEBUG=1",
					"$(inherited)",
				);
				GCC_WARN_64_TO_32_BIT_CONVERSION = YES;
				GCC_WARN_ABOUT_RETURN_TYPE = YES_ERROR;
				GCC_WARN_UNDECLARED_SELECTOR = YES;
				GCC_WARN_UNINITIALIZED_AUTOS = YES_AGGRESSIVE;
				GCC_WARN_UNUSED_FUNCTION = YES;
				GCC_WARN_UNUSED_VARIABLE = YES;
				IPHONEOS_DEPLOYMENT_TARGET = 12.1;
				MTL_ENABLE_DEBUG_INFO = INCLUDE_SOURCE;
				MTL_FAST_MATH = YES;
				ONLY_ACTIVE_ARCH = YES;
				SDKROOT = iphoneos;
				SWIFT_ACTIVE_COMPILATION_CONDITIONS = DEBUG;
				SWIFT_OPTIMIZATION_LEVEL = "-Onone";
			};
			name = Debug;
		};
		98351CF222230401007EC636 /* Release */ = {
			isa = XCBuildConfiguration;
			buildSettings = {
				ALWAYS_SEARCH_USER_PATHS = NO;
				CLANG_ANALYZER_NONNULL = YES;
				CLANG_ANALYZER_NUMBER_OBJECT_CONVERSION = YES_AGGRESSIVE;
				CLANG_CXX_LANGUAGE_STANDARD = "gnu++14";
				CLANG_CXX_LIBRARY = "libc++";
				CLANG_ENABLE_MODULES = YES;
				CLANG_ENABLE_OBJC_ARC = YES;
				CLANG_ENABLE_OBJC_WEAK = YES;
				CLANG_WARN_BLOCK_CAPTURE_AUTORELEASING = YES;
				CLANG_WARN_BOOL_CONVERSION = YES;
				CLANG_WARN_COMMA = YES;
				CLANG_WARN_CONSTANT_CONVERSION = YES;
				CLANG_WARN_DEPRECATED_OBJC_IMPLEMENTATIONS = YES;
				CLANG_WARN_DIRECT_OBJC_ISA_USAGE = YES_ERROR;
				CLANG_WARN_DOCUMENTATION_COMMENTS = YES;
				CLANG_WARN_EMPTY_BODY = YES;
				CLANG_WARN_ENUM_CONVERSION = YES;
				CLANG_WARN_INFINITE_RECURSION = YES;
				CLANG_WARN_INT_CONVERSION = YES;
				CLANG_WARN_NON_LITERAL_NULL_CONVERSION = YES;
				CLANG_WARN_OBJC_IMPLICIT_RETAIN_SELF = YES;
				CLANG_WARN_OBJC_LITERAL_CONVERSION = YES;
				CLANG_WARN_OBJC_ROOT_CLASS = YES_ERROR;
				CLANG_WARN_RANGE_LOOP_ANALYSIS = YES;
				CLANG_WARN_STRICT_PROTOTYPES = YES;
				CLANG_WARN_SUSPICIOUS_MOVE = YES;
				CLANG_WARN_UNGUARDED_AVAILABILITY = YES_AGGRESSIVE;
				CLANG_WARN_UNREACHABLE_CODE = YES;
				CLANG_WARN__DUPLICATE_METHOD_MATCH = YES;
				CODE_SIGN_IDENTITY = "iPhone Developer";
				COPY_PHASE_STRIP = NO;
				DEBUG_INFORMATION_FORMAT = "dwarf-with-dsym";
				ENABLE_NS_ASSERTIONS = NO;
				ENABLE_STRICT_OBJC_MSGSEND = YES;
				GCC_C_LANGUAGE_STANDARD = gnu11;
				GCC_NO_COMMON_BLOCKS = YES;
				GCC_WARN_64_TO_32_BIT_CONVERSION = YES;
				GCC_WARN_ABOUT_RETURN_TYPE = YES_ERROR;
				GCC_WARN_UNDECLARED_SELECTOR = YES;
				GCC_WARN_UNINITIALIZED_AUTOS = YES_AGGRESSIVE;
				GCC_WARN_UNUSED_FUNCTION = YES;
				GCC_WARN_UNUSED_VARIABLE = YES;
				IPHONEOS_DEPLOYMENT_TARGET = 12.1;
				MTL_ENABLE_DEBUG_INFO = NO;
				MTL_FAST_MATH = YES;
				"OTHER_LDFLAGS[sdk=iphoneos*]" = "-ObjC";
				SDKROOT = iphoneos;
				SWIFT_COMPILATION_MODE = wholemodule;
				SWIFT_OPTIMIZATION_LEVEL = "-O";
				VALIDATE_PRODUCT = YES;
			};
			name = Release;
		};
		98351CF422230401007EC636 /* Debug */ = {
			isa = XCBuildConfiguration;
			baseConfigurationReference = 75CF628420DCC6EF37086D70 /* Pods-barterApp.debug.xcconfig */;
			buildSettings = {
				ASSETCATALOG_COMPILER_APPICON_NAME = AppIcon;
				CODE_SIGN_STYLE = Automatic;
				DEVELOPMENT_TEAM = 5YA56LWVA9;
				INFOPLIST_FILE = "$(SRCROOT)/barterApp/Resources/Info.plist";
				LD_RUNPATH_SEARCH_PATHS = (
					"$(inherited)",
					"@executable_path/Frameworks",
				);
				PRODUCT_BUNDLE_IDENTIFIER = kevinMaldjian.barterApp;
				PRODUCT_NAME = "$(TARGET_NAME)";
				SWIFT_VERSION = 4.2;
				TARGETED_DEVICE_FAMILY = "1,2";
			};
			name = Debug;
		};
		98351CF522230401007EC636 /* Release */ = {
			isa = XCBuildConfiguration;
			baseConfigurationReference = 61CB81D1574D37924D861EB6 /* Pods-barterApp.release.xcconfig */;
			buildSettings = {
				ASSETCATALOG_COMPILER_APPICON_NAME = AppIcon;
				CODE_SIGN_STYLE = Automatic;
				DEVELOPMENT_TEAM = 5YA56LWVA9;
				INFOPLIST_FILE = "$(SRCROOT)/barterApp/Resources/Info.plist";
				LD_RUNPATH_SEARCH_PATHS = (
					"$(inherited)",
					"@executable_path/Frameworks",
				);
				PRODUCT_BUNDLE_IDENTIFIER = kevinMaldjian.barterApp;
				PRODUCT_NAME = "$(TARGET_NAME)";
				SWIFT_VERSION = 4.2;
				TARGETED_DEVICE_FAMILY = "1,2";
			};
			name = Release;
		};
		98351CF722230401007EC636 /* Debug */ = {
			isa = XCBuildConfiguration;
			baseConfigurationReference = 7B884781614DAD20890DA042 /* Pods-barterAppTests.debug.xcconfig */;
			buildSettings = {
				ALWAYS_EMBED_SWIFT_STANDARD_LIBRARIES = YES;
				BUNDLE_LOADER = "$(TEST_HOST)";
				CODE_SIGN_STYLE = Automatic;
				DEVELOPMENT_TEAM = 5YA56LWVA9;
				INFOPLIST_FILE = barterAppTests/Info.plist;
				LD_RUNPATH_SEARCH_PATHS = (
					"$(inherited)",
					"@executable_path/Frameworks",
					"@loader_path/Frameworks",
				);
				PRODUCT_BUNDLE_IDENTIFIER = kevinMaldjian.barterAppTests;
				PRODUCT_NAME = "$(TARGET_NAME)";
				SWIFT_VERSION = 4.2;
				TARGETED_DEVICE_FAMILY = "1,2";
				TEST_HOST = "$(BUILT_PRODUCTS_DIR)/barterApp.app/barterApp";
			};
			name = Debug;
		};
		98351CF822230401007EC636 /* Release */ = {
			isa = XCBuildConfiguration;
			baseConfigurationReference = B7003D5486C680322740605B /* Pods-barterAppTests.release.xcconfig */;
			buildSettings = {
				ALWAYS_EMBED_SWIFT_STANDARD_LIBRARIES = YES;
				BUNDLE_LOADER = "$(TEST_HOST)";
				CODE_SIGN_STYLE = Automatic;
				DEVELOPMENT_TEAM = 5YA56LWVA9;
				INFOPLIST_FILE = barterAppTests/Info.plist;
				LD_RUNPATH_SEARCH_PATHS = (
					"$(inherited)",
					"@executable_path/Frameworks",
					"@loader_path/Frameworks",
				);
				PRODUCT_BUNDLE_IDENTIFIER = kevinMaldjian.barterAppTests;
				PRODUCT_NAME = "$(TARGET_NAME)";
				SWIFT_VERSION = 4.2;
				TARGETED_DEVICE_FAMILY = "1,2";
				TEST_HOST = "$(BUILT_PRODUCTS_DIR)/barterApp.app/barterApp";
			};
			name = Release;
		};
		98351CFA22230401007EC636 /* Debug */ = {
			isa = XCBuildConfiguration;
			baseConfigurationReference = FEFFDE00223A46AA057BE3AE /* Pods-barterAppUITests.debug.xcconfig */;
			buildSettings = {
				ALWAYS_EMBED_SWIFT_STANDARD_LIBRARIES = YES;
				CODE_SIGN_STYLE = Automatic;
				DEVELOPMENT_TEAM = 5YA56LWVA9;
				INFOPLIST_FILE = barterAppUITests/Info.plist;
				LD_RUNPATH_SEARCH_PATHS = (
					"$(inherited)",
					"@executable_path/Frameworks",
					"@loader_path/Frameworks",
				);
				PRODUCT_BUNDLE_IDENTIFIER = kevinMaldjian.barterAppUITests;
				PRODUCT_NAME = "$(TARGET_NAME)";
				SWIFT_VERSION = 4.2;
				TARGETED_DEVICE_FAMILY = "1,2";
				TEST_TARGET_NAME = barterApp;
			};
			name = Debug;
		};
		98351CFB22230401007EC636 /* Release */ = {
			isa = XCBuildConfiguration;
			baseConfigurationReference = 1C6C0DAF64F2D94D87C7AE9C /* Pods-barterAppUITests.release.xcconfig */;
			buildSettings = {
				ALWAYS_EMBED_SWIFT_STANDARD_LIBRARIES = YES;
				CODE_SIGN_STYLE = Automatic;
				DEVELOPMENT_TEAM = 5YA56LWVA9;
				INFOPLIST_FILE = barterAppUITests/Info.plist;
				LD_RUNPATH_SEARCH_PATHS = (
					"$(inherited)",
					"@executable_path/Frameworks",
					"@loader_path/Frameworks",
				);
				PRODUCT_BUNDLE_IDENTIFIER = kevinMaldjian.barterAppUITests;
				PRODUCT_NAME = "$(TARGET_NAME)";
				SWIFT_VERSION = 4.2;
				TARGETED_DEVICE_FAMILY = "1,2";
				TEST_TARGET_NAME = barterApp;
			};
			name = Release;
		};
/* End XCBuildConfiguration section */

/* Begin XCConfigurationList section */
		98351CC322230400007EC636 /* Build configuration list for PBXProject "barterApp" */ = {
			isa = XCConfigurationList;
			buildConfigurations = (
				98351CF122230401007EC636 /* Debug */,
				98351CF222230401007EC636 /* Release */,
			);
			defaultConfigurationIsVisible = 0;
			defaultConfigurationName = Release;
		};
		98351CF322230401007EC636 /* Build configuration list for PBXNativeTarget "barterApp" */ = {
			isa = XCConfigurationList;
			buildConfigurations = (
				98351CF422230401007EC636 /* Debug */,
				98351CF522230401007EC636 /* Release */,
			);
			defaultConfigurationIsVisible = 0;
			defaultConfigurationName = Release;
		};
		98351CF622230401007EC636 /* Build configuration list for PBXNativeTarget "barterAppTests" */ = {
			isa = XCConfigurationList;
			buildConfigurations = (
				98351CF722230401007EC636 /* Debug */,
				98351CF822230401007EC636 /* Release */,
			);
			defaultConfigurationIsVisible = 0;
			defaultConfigurationName = Release;
		};
		98351CF922230401007EC636 /* Build configuration list for PBXNativeTarget "barterAppUITests" */ = {
			isa = XCConfigurationList;
			buildConfigurations = (
				98351CFA22230401007EC636 /* Debug */,
				98351CFB22230401007EC636 /* Release */,
			);
			defaultConfigurationIsVisible = 0;
			defaultConfigurationName = Release;
		};
/* End XCConfigurationList section */

/* Begin XCVersionGroup section */
		98351CD222230400007EC636 /* barterApp.xcdatamodeld */ = {
			isa = XCVersionGroup;
			children = (
				98351CD322230400007EC636 /* barterApp.xcdatamodel */,
			);
			currentVersion = 98351CD322230400007EC636 /* barterApp.xcdatamodel */;
			path = barterApp.xcdatamodeld;
			sourceTree = "<group>";
			versionGroupType = wrapper.xcdatamodel;
		};
/* End XCVersionGroup section */
	};
	rootObject = 98351CC022230400007EC636 /* Project object */;
}
